
Microsoft Visual Studio Solution File, Format Version 12.00
# Visual Studio Version 17
VisualStudioVersion = 17.5.002.0
MinimumVisualStudioVersion = 10.0.40219.1
Project("{9A19103F-16F7-4668-BE54-9A1E7A4F7556}") = "Sender", "Sender.csproj", "{3EA40840-67EB-4135-866E-48C3658F98DE}"
EndProject
Global
	GlobalSection(SolutionConfigurationPlatforms) = preSolution
		Debug|Any CPU = Debug|Any CPU
		Release|Any CPU = Release|Any CPU
	EndGlobalSection
	GlobalSection(ProjectConfigurationPlatforms) = postSolution
		{3EA40840-67EB-4135-866E-48C3658F98DE}.Debug|Any CPU.ActiveCfg = Debug|Any CPU
		{3EA40840-67EB-4135-866E-48C3658F98DE}.Debug|Any CPU.Build.0 = Debug|Any CPU
		{3EA40840-67EB-4135-866E-48C3658F98DE}.Release|Any CPU.ActiveCfg = Release|Any CPU
		{3EA40840-67EB-4135-866E-48C3658F98DE}.Release|Any CPU.Build.0 = Release|Any CPU
	EndGlobalSection
	GlobalSection(SolutionProperties) = preSolution
		HideSolutionNode = FALSE
	EndGlobalSection
	GlobalSection(ExtensibilityGlobals) = postSolution
		SolutionGuid = {CDAB1F82-604E-4783-A376-21FC1411BA2F}
	EndGlobalSection
EndGlobal
